<?xml version="1.0" encoding="utf-8"?>
<Project ToolsVersion="4.0" xmlns="http://schemas.microsoft.com/developer/msbuild/2003">
  <ItemGroup>
    <Filter Include="Source Files">
      <UniqueIdentifier>{4FC737F1-C7A5-4376-A066-2A32D752A2FF}</UniqueIdentifier>
      <Extensions>cpp;c;cc;cxx;def;odl;idl;hpj;bat;asm;asmx</Extensions>
    </Filter>
    <Filter Include="Header Files">
      <UniqueIdentifier>{93995380-89BD-4b04-88EB-625FBE52EBFB}</UniqueIdentifier>
      <Extensions>h;hpp;hxx;hm;inl;inc;xsd</Extensions>
    </Filter>
    <Filter Include="Resource Files">
      <UniqueIdentifier>{67DA6AB6-F800-4c08-8B7A-83BB121AAD01}</UniqueIdentifier>
      <Extensions>rc;ico;cur;bmp;dlg;rc2;rct;bin;rgs;gif;jpg;jpeg;jpe;resx;tiff;tif;png;wav;mfcribbon-ms</Extensions>
    </Filter>
    <Filter Include="Header Files\system">
      <UniqueIdentifier>{298ec811-dc39-477d-be41-c4c1ab384922}</UniqueIdentifier>
    </Filter>
    <Filter Include="Header Files\game">
      <UniqueIdentifier>{4fba55f4-7a86-4ff4-8bdf-66d39040cb3a}</UniqueIdentifier>
    </Filter>
    <Filter Include="Source Files\system">
      <UniqueIdentifier>{6c8ce96e-e9ea-4be3-92c9-fc0789ed60ff}</UniqueIdentifier>
    </Filter>
    <Filter Include="Source Files\game">
      <UniqueIdentifier>{106a9ece-7e13-4b7c-936b-ebffcfb2b83a}</UniqueIdentifier>
    </Filter>
    <Filter Include="Header Files\graphics">
      <UniqueIdentifier>{be605267-c737-450b-8a95-982b40deaf3c}</UniqueIdentifier>
    </Filter>
    <Filter Include="Header Files\utils">
      <UniqueIdentifier>{4886adb4-badd-47ff-8c5e-45e3c4fc68a7}</UniqueIdentifier>
    </Filter>
    <Filter Include="Source Files\graphics">
      <UniqueIdentifier>{1afc5e0c-e980-466e-956d-2b6b9b83cb55}</UniqueIdentifier>
    </Filter>
    <Filter Include="Header Files\entities">
      <UniqueIdentifier>{057400cb-33e5-4647-bb6a-f34881d331f8}</UniqueIdentifier>
    </Filter>
    <Filter Include="Source Files\entities">
      <UniqueIdentifier>{d56c08a6-2764-479b-8f46-480e0a58dea2}</UniqueIdentifier>
    </Filter>
    <Filter Include="Resource Files\shaders">
      <UniqueIdentifier>{0aaced3b-7ae4-4a7a-a723-f440f5cbfb6d}</UniqueIdentifier>
    </Filter>
    <Filter Include="Resource Files\shaders\vertex-shaders">
      <UniqueIdentifier>{f88b933f-43d3-4199-874d-4dc98ec27506}</UniqueIdentifier>
    </Filter>
    <Filter Include="Resource Files\shaders\pixel-shaders">
      <UniqueIdentifier>{26f9ee13-a96c-4cbe-b38f-4d67fed38d34}</UniqueIdentifier>
    </Filter>
    <Filter Include="Resource Files\models">
      <UniqueIdentifier>{4159a943-b6e4-48b2-9d0c-2ab22c20d72c}</UniqueIdentifier>
    </Filter>
    <Filter Include="Header Files\graphics\model_loaders">
      <UniqueIdentifier>{4d1de4d7-9535-4857-a491-bde960e41e95}</UniqueIdentifier>
    </Filter>
    <Filter Include="Source Files\graphics\model_loaders">
      <UniqueIdentifier>{8d64473b-9cdc-4b56-af7c-ea7eb362f4c6}</UniqueIdentifier>
    </Filter>
  </ItemGroup>
  <ItemGroup>
    <ClInclude Include="system\Window.hpp">
      <Filter>Header Files\system</Filter>
    </ClInclude>
    <ClInclude Include="system\System.hpp">
      <Filter>Header Files\system</Filter>
    </ClInclude>
    <ClInclude Include="system\SystemContext.hpp">
      <Filter>Header Files\system</Filter>
    </ClInclude>
    <ClInclude Include="graphics\Renderer.hpp">
      <Filter>Header Files\graphics</Filter>
    </ClInclude>
    <ClInclude Include="graphics\Device.hpp">
      <Filter>Header Files\graphics</Filter>
    </ClInclude>
    <ClInclude Include="utils\COMWrapper.hpp">
      <Filter>Header Files\utils</Filter>
    </ClInclude>
    <ClInclude Include="graphics\Camera.hpp">
      <Filter>Header Files\graphics</Filter>
    </ClInclude>
    <ClInclude Include="graphics\Model.hpp">
      <Filter>Header Files\graphics</Filter>
    </ClInclude>
    <ClInclude Include="entities\Actor.hpp">
      <Filter>Header Files\entities</Filter>
    </ClInclude>
    <ClInclude Include="utils\Timer.hpp">
      <Filter>Header Files\utils</Filter>
    </ClInclude>
    <ClInclude Include="graphics\VertexShader.hpp">
      <Filter>Header Files\graphics</Filter>
    </ClInclude>
    <ClInclude Include="graphics\Buffer.hpp">
      <Filter>Header Files\graphics</Filter>
    </ClInclude>
    <ClInclude Include="graphics\VertexBuffer.hpp">
      <Filter>Header Files\graphics</Filter>
    </ClInclude>
    <ClInclude Include="graphics\PixelShader.hpp">
      <Filter>Header Files\graphics</Filter>
    </ClInclude>
    <ClInclude Include="graphics\ShaderConstantsBuffer.hpp">
      <Filter>Header Files\graphics</Filter>
    </ClInclude>
    <ClInclude Include="graphics\Texture.hpp">
      <Filter>Header Files\graphics</Filter>
    </ClInclude>
    <ClInclude Include="graphics\model_loaders\ModelData.hpp">
      <Filter>Header Files\graphics\model_loaders</Filter>
    </ClInclude>
    <ClInclude Include="graphics\model_loaders\ModelLoader.hpp">
      <Filter>Header Files\graphics\model_loaders</Filter>
    </ClInclude>
    <ClInclude Include="graphics\model_loaders\SimpleModelLoader.hpp">
      <Filter>Header Files\graphics\model_loaders</Filter>
    </ClInclude>
  </ItemGroup>
  <ItemGroup>
    <ClCompile Include="system\Window.cpp">
      <Filter>Source Files\system</Filter>
    </ClCompile>
    <ClCompile Include="game\main.cpp">
      <Filter>Source Files\game</Filter>
    </ClCompile>
    <ClCompile Include="system\System.cpp">
      <Filter>Source Files\system</Filter>
    </ClCompile>
    <ClCompile Include="graphics\Device.cpp">
      <Filter>Source Files\graphics</Filter>
    </ClCompile>
    <ClCompile Include="graphics\Renderer.cpp">
      <Filter>Source Files\graphics</Filter>
    </ClCompile>
    <ClCompile Include="graphics\Camera.cpp">
      <Filter>Source Files\graphics</Filter>
    </ClCompile>
    <ClCompile Include="entities\Actor.cpp">
      <Filter>Source Files\entities</Filter>
    </ClCompile>
    <ClCompile Include="graphics\VertexShader.cpp">
      <Filter>Source Files\graphics</Filter>
    </ClCompile>
    <ClCompile Include="graphics\Buffer.cpp">
      <Filter>Source Files\graphics</Filter>
    </ClCompile>
    <ClCompile Include="graphics\VertexBuffer.cpp">
      <Filter>Source Files\graphics</Filter>
    </ClCompile>
    <ClCompile Include="graphics\IndexBuffer.cpp">
      <Filter>Source Files\graphics</Filter>
    </ClCompile>
    <ClCompile Include="graphics\Model.cpp">
      <Filter>Source Files\graphics</Filter>
    </ClCompile>
    <ClCompile Include="graphics\PixelShader.cpp">
      <Filter>Source Files\graphics</Filter>
    </ClCompile>
    <ClCompile Include="graphics\ShaderConstantsBuffer.cpp">
      <Filter>Source Files\graphics</Filter>
    </ClCompile>
    <ClCompile Include="graphics\Texture.cpp">
      <Filter>Source Files\graphics</Filter>
    </ClCompile>
    <ClCompile Include="graphics\model_loaders\ModelData.cpp">
      <Filter>Source Files\graphics\model_loaders</Filter>
    </ClCompile>
    <ClCompile Include="graphics\model_loaders\SimpleModelLoader.cpp">
      <Filter>Source Files\graphics\model_loaders</Filter>
    </ClCompile>
  </ItemGroup>
  <ItemGroup>
    <None Include="graphics\IndexBuffer.hpp">
      <Filter>Header Files\graphics</Filter>
    </None>
    <None Include="data\models\jola.model">
      <Filter>Resource Files\models</Filter>
    </None>
    <None Include="data\shaders\pixel-shaders\basic.pixel.hlsl">
      <Filter>Resource Files\shaders\pixel-shaders</Filter>
    </None>
  </ItemGroup>
  <ItemGroup>
    <FxCompile Include="data\shaders\vertex-shaders\basic.vertex.hlsl">
      <Filter>Resource Files\shaders\vertex-shaders</Filter>
    </FxCompile>
  </ItemGroup>
</Project>